// !$*UTF8*$!
{
	archiveVersion = 1;
	classes = {
	};
	objectVersion = 50;
	objects = {

/* Begin PBXBuildFile section */
		8D569FE3244A27F000BFC638 /* AppDelegate.swift in Sources */ = {isa = PBXBuildFile; fileRef = 8D569FE2244A27F000BFC638 /* AppDelegate.swift */; };
		8D569FE5244A27F000BFC638 /* SceneDelegate.swift in Sources */ = {isa = PBXBuildFile; fileRef = 8D569FE4244A27F000BFC638 /* SceneDelegate.swift */; };
		8D569FE7244A27F000BFC638 /* ViewController.swift in Sources */ = {isa = PBXBuildFile; fileRef = 8D569FE6244A27F000BFC638 /* ViewController.swift */; };
		8D569FEA244A27F000BFC638 /* Main.storyboard in Resources */ = {isa = PBXBuildFile; fileRef = 8D569FE8244A27F000BFC638 /* Main.storyboard */; };
		8D569FEC244A27F200BFC638 /* Assets.xcassets in Resources */ = {isa = PBXBuildFile; fileRef = 8D569FEB244A27F200BFC638 /* Assets.xcassets */; };
		8D569FEF244A27F200BFC638 /* LaunchScreen.storyboard in Resources */ = {isa = PBXBuildFile; fileRef = 8D569FED244A27F200BFC638 /* LaunchScreen.storyboard */; };
/* End PBXBuildFile section */

/* Begin PBXFileReference section */
		8D569FDF244A27F000BFC638 /* AttributedStringExample.app */ = {isa = PBXFileReference; explicitFileType = wrapper.application; includeInIndex = 0; path = AttributedStringExample.app; sourceTree = BUILT_PRODUCTS_DIR; };
		8D569FE2244A27F000BFC638 /* AppDelegate.swift */ = {isa = PBXFileReference; lastKnownFileType = sourcecode.swift; path = AppDelegate.swift; sourceTree = "<group>"; };
		8D569FE4244A27F000BFC638 /* SceneDelegate.swift */ = {isa = PBXFileReference; lastKnownFileType = sourcecode.swift; path = SceneDelegate.swift; sourceTree = "<group>"; };
		8D569FE6244A27F000BFC638 /* ViewController.swift */ = {isa = PBXFileReference; lastKnownFileType = sourcecode.swift; path = ViewController.swift; sourceTree = "<group>"; };
		8D569FE9244A27F000BFC638 /* Base */ = {isa = PBXFileReference; lastKnownFileType = file.storyboard; name = Base; path = Base.lproj/Main.storyboard; sourceTree = "<group>"; };
		8D569FEB244A27F200BFC638 /* Assets.xcassets */ = {isa = PBXFileReference; lastKnownFileType = folder.assetcatalog; path = Assets.xcassets; sourceTree = "<group>"; };
		8D569FEE244A27F200BFC638 /* Base */ = {isa = PBXFileReference; lastKnownFileType = file.storyboard; name = Base; path = Base.lproj/LaunchScreen.storyboard; sourceTree = "<group>"; };
		8D569FF0244A27F200BFC638 /* Info.plist */ = {isa = PBXFileReference; lastKnownFileType = text.plist.xml; path = Info.plist; sourceTree = "<group>"; };
/* End PBXFileReference section */

/* Begin PBXFrameworksBuildPhase section */
		8D569FDC244A27F000BFC638 /* Frameworks */ = {
			isa = PBXFrameworksBuildPhase;
			buildActionMask = 2147483647;
			files = (
			);
			runOnlyForDeploymentPostprocessing = 0;
		};
/* End PBXFrameworksBuildPhase section */

/* Begin PBXGroup section */
		8D569FD6244A27F000BFC638 = {
			isa = PBXGroup;
			children = (
				8D569FE1244A27F000BFC638 /* AttributedStringExample */,
				8D569FE0244A27F000BFC638 /* Products */,
			);
			sourceTree = "<group>";
		};
		8D569FE0244A27F000BFC638 /* Products */ = {
			isa = PBXGroup;
			children = (
				8D569FDF244A27F000BFC638 /* AttributedStringExample.app */,
			);
			name = Products;
			sourceTree = "<group>";
		};
		8D569FE1244A27F000BFC638 /* AttributedStringExample */ = {
			isa = PBXGroup;
			children = (
				8D569FE2244A27F000BFC638 /* AppDelegate.swift */,
				8D569FE4244A27F000BFC638 /* SceneDelegate.swift */,
				8D569FE6244A27F000BFC638 /* ViewController.swift */,
				8D569FE8244A27F000BFC638 /* Main.storyboard */,
				8D569FEB244A27F200BFC638 /* Assets.xcassets */,
				8D569FED244A27F200BFC638 /* LaunchScreen.storyboard */,
				8D569FF0244A27F200BFC638 /* Info.plist */,
			);
			path = AttributedStringExample;
			sourceTree = "<group>";
		};
/* End PBXGroup section */

/* Begin PBXNativeTarget section */
		8D569FDE244A27F000BFC638 /* AttributedStringExample */ = {
			isa = PBXNativeTarget;
			buildConfigurationList = 8D569FF3244A27F200BFC638 /* Build configuration list for PBXNativeTarget "AttributedStringExample" */;
			buildPhases = (
				8D569FDB244A27F000BFC638 /* Sources */,
				8D569FDC244A27F000BFC638 /* Frameworks */,
				8D569FDD244A27F000BFC638 /* Resources */,
			);
			buildRules = (
			);
			dependencies = (
			);
			name = AttributedStringExample;
			productName = AttributedStringExample;
			productReference = 8D569FDF244A27F000BFC638 /* AttributedStringExample.app */;
			productType = "com.apple.product-type.application";
		};
/* End PBXNativeTarget section */

/* Begin PBXProject section */
		8D569FD7244A27F000BFC638 /* Project object */ = {
			isa = PBXProject;
			attributes = {
				LastSwiftUpdateCheck = 1120;
				LastUpgradeCheck = 1120;
				ORGANIZATIONNAME = AlexAlmostEngineer;
				TargetAttributes = {
					8D569FDE244A27F000BFC638 = {
						CreatedOnToolsVersion = 11.2.1;
					};
				};
			};
			buildConfigurationList = 8D569FDA244A27F000BFC638 /* Build configuration list for PBXProject "AttributedStringExample" */;
			compatibilityVersion = "Xcode 9.3";
			developmentRegion = en;
			hasScannedForEncodings = 0;
			knownRegions = (
				en,
				Base,
			);
			mainGroup = 8D569FD6244A27F000BFC638;
			productRefGroup = 8D569FE0244A27F000BFC638 /* Products */;
			projectDirPath = "";
			projectRoot = "";
			targets = (
				8D569FDE244A27F000BFC638 /* AttributedStringExample */,
			);
		};
/* End PBXProject section */

/* Begin PBXResourcesBuildPhase section */
		8D569FDD244A27F000BFC638 /* Resources */ = {
			isa = PBXResourcesBuildPhase;
			buildActionMask = 2147483647;
			files = (
				8D569FEF244A27F200BFC638 /* LaunchScreen.storyboard in Resources */,
				8D569FEC244A27F200BFC638 /* Assets.xcassets in Resources */,
				8D569FEA244A27F000BFC638 /* Main.storyboard in Resources */,
			);
			runOnlyForDeploymentPostprocessing = 0;
		};
/* End PBXResourcesBuildPhase section */

/* Begin PBXSourcesBuildPhase section */
		8D569FDB244A27F000BFC638 /* Sources */ = {
			isa = PBXSourcesBuildPhase;
			buildActionMask = 2147483647;
			files = (
				8D569FE7244A27F000BFC638 /* ViewController.swift in Sources */,
				8D569FE3244A27F000BFC638 /* AppDelegate.swift in Sources */,
				8D569FE5244A27F000BFC638 /* SceneDelegate.swift in Sources */,
			);
			runOnlyForDeploymentPostprocessing = 0;
		};
/* End PBXSourcesBuildPhase section */

/* Begin PBXVariantGroup section */
		8D569FE8244A27F000BFC638 /* Main.storyboard */ = {
			isa = PBXVariantGroup;
			children = (
				8D569FE9244A27F000BFC638 /* Base */,
			);
			name = Main.storyboard;
			sourceTree = "<group>";
		};
		8D569FED244A27F200BFC638 /* LaunchScreen.storyboard */ = {
			isa = PBXVariantGroup;
			children = (
				8D569FEE244A27F200BFC638 /* Base */,
			);
			name = LaunchScreen.storyboard;
			sourceTree = "<group>";
		};
/* End PBXVariantGroup section */

/* Begin XCBuildConfiguration section */
		8D569FF1244A27F200BFC638 /* Debug */ = {
			isa = XCBuildConfiguration;
			buildSettings = {
				ALWAYS_SEARCH_USER_PATHS = NO;
				CLANG_ANALYZER_NONNULL = YES;
				CLANG_ANALYZER_NUMBER_OBJECT_CONVERSION = YES_AGGRESSIVE;
				CLANG_CXX_LANGUAGE_STANDARD = "gnu++14";
				CLANG_CXX_LIBRARY = "libc++";
				CLANG_ENABLE_MODULES = YES;
				CLANG_ENABLE_OBJC_ARC = YES;
				CLANG_ENABLE_OBJC_WEAK = YES;
				CLANG_WARN_BLOCK_CAPTURE_AUTORELEASING = YES;
				CLANG_WARN_BOOL_CONVERSION = YES;
				CLANG_WARN_COMMA = YES;
				CLANG_WARN_CONSTANT_CONVERSION = YES;
				CLANG_WARN_DEPRECATED_OBJC_IMPLEMENTATIONS = YES;
				CLANG_WARN_DIRECT_OBJC_ISA_USAGE = YES_ERROR;
				CLANG_WARN_DOCUMENTATION_COMMENTS = YES;
				CLANG_WARN_EMPTY_BODY = YES;
				CLANG_WARN_ENUM_CONVERSION = YES;
				CLANG_WARN_INFINITE_RECURSION = YES;
				CLANG_WARN_INT_CONVERSION = YES;
				CLANG_WARN_NON_LITERAL_NULL_CONVERSION = YES;
				CLANG_WARN_OBJC_IMPLICIT_RETAIN_SELF = YES;
				CLANG_WARN_OBJC_LITERAL_CONVERSION = YES;
				CLANG_WARN_OBJC_ROOT_CLASS = YES_ERROR;
				CLANG_WARN_RANGE_LOOP_ANALYSIS = YES;
				CLANG_WARN_STRICT_PROTOTYPES = YES;
				CLANG_WARN_SUSPICIOUS_MOVE = YES;
				CLANG_WARN_UNGUARDED_AVAILABILITY = YES_AGGRESSIVE;
				CLANG_WARN_UNREACHABLE_CODE = YES;
				CLANG_WARN__DUPLICATE_METHOD_MATCH = YES;
				COPY_PHASE_STRIP = NO;
				DEBUG_INFORMATION_FORMAT = dwarf;
				ENABLE_STRICT_OBJC_MSGSEND = YES;
				ENABLE_TESTABILITY = YES;
				GCC_C_LANGUAGE_STANDARD = gnu11;
				GCC_DYNAMIC_NO_PIC = NO;
				GCC_NO_COMMON_BLOCKS = YES;
				GCC_OPTIMIZATION_LEVEL = 0;
				GCC_PREPROCESSOR_DEFINITIONS = (
					"DEBUG=1",
					"$(inherited)",
				);
				GCC_WARN_64_TO_32_BIT_CONVERSION = YES;
				GCC_WARN_ABOUT_RETURN_TYPE = YES_ERROR;
				GCC_WARN_UNDECLARED_SELECTOR = YES;
				GCC_WARN_UNINITIALIZED_AUTOS = YES_AGGRESSIVE;
				GCC_WARN_UNUSED_FUNCTION = YES;
				GCC_WARN_UNUSED_VARIABLE = YES;
				IPHONEOS_DEPLOYMENT_TARGET = 13.2;
				MTL_ENABLE_DEBUG_INFO = INCLUDE_SOURCE;
				MTL_FAST_MATH = YES;
				ONLY_ACTIVE_ARCH = YES;
				SDKROOT = iphoneos;
				SWIFT_ACTIVE_COMPILATION_CONDITIONS = DEBUG;
				SWIFT_OPTIMIZATION_LEVEL = "-Onone";
			};
			name = Debug;
		};
		8D569FF2244A27F200BFC638 /* Release */ = {
			isa = XCBuildConfiguration;
			buildSettings = {
				ALWAYS_SEARCH_USER_PATHS = NO;
				CLANG_ANALYZER_NONNULL = YES;
				CLANG_ANALYZER_NUMBER_OBJECT_CONVERSION = YES_AGGRESSIVE;
				CLANG_CXX_LANGUAGE_STANDARD = "gnu++14";
				CLANG_CXX_LIBRARY = "libc++";
				CLANG_ENABLE_MODULES = YES;
				CLANG_ENABLE_OBJC_ARC = YES;
				CLANG_ENABLE_OBJC_WEAK = YES;
				CLANG_WARN_BLOCK_CAPTURE_AUTORELEASING = YES;
				CLANG_WARN_BOOL_CONVERSION = YES;
				CLANG_WARN_COMMA = YES;
				CLANG_WARN_CONSTANT_CONVERSION = YES;
				CLANG_WARN_DEPRECATED_OBJC_IMPLEMENTATIONS = YES;
				CLANG_WARN_DIRECT_OBJC_ISA_USAGE = YES_ERROR;
				CLANG_WARN_DOCUMENTATION_COMMENTS = YES;
				CLANG_WARN_EMPTY_BODY = YES;
				CLANG_WARN_ENUM_CONVERSION = YES;
				CLANG_WARN_INFINITE_RECURSION = YES;
				CLANG_WARN_INT_CONVERSION = YES;
				CLANG_WARN_NON_LITERAL_NULL_CONVERSION = YES;
				CLANG_WARN_OBJC_IMPLICIT_RETAIN_SELF = YES;
				CLANG_WARN_OBJC_LITERAL_CONVERSION = YES;
				CLANG_WARN_OBJC_ROOT_CLASS = YES_ERROR;
				CLANG_WARN_RANGE_LOOP_ANALYSIS = YES;
				CLANG_WARN_STRICT_PROTOTYPES = YES;
				CLANG_WARN_SUSPICIOUS_MOVE = YES;
				CLANG_WARN_UNGUARDED_AVAILABILITY = YES_AGGRESSIVE;
				CLANG_WARN_UNREACHABLE_CODE = YES;
				CLANG_WARN__DUPLICATE_METHOD_MATCH = YES;
				COPY_PHASE_STRIP = NO;
				DEBUG_INFORMATION_FORMAT = "dwarf-with-dsym";
				ENABLE_NS_ASSERTIONS = NO;
				ENABLE_STRICT_OBJC_MSGSEND = YES;
				GCC_C_LANGUAGE_STANDARD = gnu11;
				GCC_NO_COMMON_BLOCKS = YES;
				GCC_WARN_64_TO_32_BIT_CONVERSION = YES;
				GCC_WARN_ABOUT_RETURN_TYPE = YES_ERROR;
				GCC_WARN_UNDECLARED_SELECTOR = YES;
				GCC_WARN_UNINITIALIZED_AUTOS = YES_AGGRESSIVE;
				GCC_WARN_UNUSED_FUNCTION = YES;
				GCC_WARN_UNUSED_VARIABLE = YES;
				IPHONEOS_DEPLOYMENT_TARGET = 13.2;
				MTL_ENABLE_DEBUG_INFO = NO;
				MTL_FAST_MATH = YES;
				SDKROOT = iphoneos;
				SWIFT_COMPILATION_MODE = wholemodule;
				SWIFT_OPTIMIZATION_LEVEL = "-O";
				VALIDATE_PRODUCT = YES;
			};
			name = Release;
		};
		8D569FF4244A27F200BFC638 /* Debug */ = {
			isa = XCBuildConfiguration;
			buildSettings = {
				ASSETCATALOG_COMPILER_APPICON_NAME = AppIcon;
				CODE_SIGN_STYLE = Automatic;
				DEVELOPMENT_TEAM = WUJDW64U79;
				INFOPLIST_FILE = AttributedStringExample/Info.plist;
				LD_RUNPATH_SEARCH_PATHS = (
					"$(inherited)",
					"@executable_path/Frameworks",
				);
				PRODUCT_BUNDLE_IDENTIFIER = AlexAlmostEngineer.AttributedStringExample;
				PRODUCT_NAME = "$(TARGET_NAME)";
				SWIFT_VERSION = 5.0;
				TARGETED_DEVICE_FAMILY = "1,2";
			};
			name = Debug;
		};
		8D569FF5244A27F200BFC638 /* Release */ = {
			isa = XCBuildConfiguration;
			buildSettings = {
				ASSETCATALOG_COMPILER_APPICON_NAME = AppIcon;
				CODE_SIGN_STYLE = Automatic;
				DEVELOPMENT_TEAM = WUJDW64U79;
				INFOPLIST_FILE = AttributedStringExample/Info.plist;
				LD_RUNPATH_SEARCH_PATHS = (
					"$(inherited)",
					"@executable_path/Frameworks",
				);
				PRODUCT_BUNDLE_IDENTIFIER = AlexAlmostEngineer.AttributedStringExample;
				PRODUCT_NAME = "$(TARGET_NAME)";
				SWIFT_VERSION = 5.0;
				TARGETED_DEVICE_FAMILY = "1,2";
			};
			name = Release;
		};
/* End XCBuildConfiguration section */

/* Begin XCConfigurationList section */
		8D569FDA244A27F000BFC638 /* Build configuration list for PBXProject "AttributedStringExample" */ = {
			isa = XCConfigurationList;
			buildConfigurations = (
				8D569FF1244A27F200BFC638 /* Debug */,
				8D569FF2244A27F200BFC638 /* Release */,
			);
			defaultConfigurationIsVisible = 0;
			defaultConfigurationName = Release;
		};
		8D569FF3244A27F200BFC638 /* Build configuration list for PBXNativeTarget "AttributedStringExample" */ = {
			isa = XCConfigurationList;
			buildConfigurations = (
				8D569FF4244A27F200BFC638 /* Debug */,
				8D569FF5244A27F200BFC638 /* Release */,
			);
			defaultConfigurationIsVisible = 0;
			defaultConfigurationName = Release;
		};
/* End XCConfigurationList section */
	};
	rootObject = 8D569FD7244A27F000BFC638 /* Project object */;
}
